
Microsoft Visual Studio Solution File, Format Version 12.00
# Visual Studio Version 17
VisualStudioVersion = 17.11.35303.130
MinimumVisualStudioVersion = 10.0.40219.1
Project("{FAE04EC0-301F-11D3-BF4B-00C04F79EFBC}") = "Test-App1", "Test-App1.csproj", "{EEC448C8-EE30-44B6-B122-2D74A4A4CB0A}"
EndProject
Global
	GlobalSection(SolutionConfigurationPlatforms) = preSolution
		Debug|Any CPU = Debug|Any CPU
		Release|Any CPU = Release|Any CPU
	EndGlobalSection
	GlobalSection(ProjectConfigurationPlatforms) = postSolution
		{EEC448C8-EE30-44B6-B122-2D74A4A4CB0A}.Debug|Any CPU.ActiveCfg = Debug|Any CPU
		{EEC448C8-EE30-44B6-B122-2D74A4A4CB0A}.Debug|Any CPU.Build.0 = Debug|Any CPU
		{EEC448C8-EE30-44B6-B122-2D74A4A4CB0A}.Release|Any CPU.ActiveCfg = Release|Any CPU
		{EEC448C8-EE30-44B6-B122-2D74A4A4CB0A}.Release|Any CPU.Build.0 = Release|Any CPU
	EndGlobalSection
	GlobalSection(SolutionProperties) = preSolution
		HideSolutionNode = FALSE
	EndGlobalSection
	GlobalSection(ExtensibilityGlobals) = postSolution
		SolutionGuid = {3AA1A890-F17F-4141-ACDC-9D35A31248D2}
	EndGlobalSection
EndGlobal
